
Microsoft Visual Studio Solution File, Format Version 12.00
# Visual Studio Version 17
VisualStudioVersion = 17.12.35707.178
MinimumVisualStudioVersion = 10.0.40219.1
Project("{2150E333-8FDC-42A3-9474-1A3956D46DE8}") = "src", "src", "{88700704-FC8B-4EBF-9471-112ED22A5544}"
EndProject
Project("{FAE04EC0-301F-11D3-BF4B-00C04F79EFBC}") = "CFMS.Api", "src\CFMS.Api\CFMS.Api.csproj", "{D9DA2B29-AF1C-4E49-8360-9FD8AE310DCE}"
EndProject
Project("{FAE04EC0-301F-11D3-BF4B-00C04F79EFBC}") = "CFMS.Application", "src\CFMS.Application\CFMS.Application.csproj", "{A62368FE-D999-40E0-B3FF-038F4AE2BFFC}"
EndProject
Project("{FAE04EC0-301F-11D3-BF4B-00C04F79EFBC}") = "CFMS.Domain", "src\CFMS.Domain\CFMS.Domain.csproj", "{E2889918-AEAC-435F-949C-8D00213EC81C}"
EndProject
Project("{FAE04EC0-301F-11D3-BF4B-00C04F79EFBC}") = "CFMS.Infrastructure", "src\CFMS.Infrastructure\CFMS.Infrastructure.csproj", "{4DC83C58-AEAF-432E-96C2-EDDB31014BCE}"
EndProject
Global
	GlobalSection(SolutionConfigurationPlatforms) = preSolution
		Debug|Any CPU = Debug|Any CPU
		Release|Any CPU = Release|Any CPU
	EndGlobalSection
	GlobalSection(ProjectConfigurationPlatforms) = postSolution
		{D9DA2B29-AF1C-4E49-8360-9FD8AE310DCE}.Debug|Any CPU.ActiveCfg = Debug|Any CPU
		{D9DA2B29-AF1C-4E49-8360-9FD8AE310DCE}.Debug|Any CPU.Build.0 = Debug|Any CPU
		{D9DA2B29-AF1C-4E49-8360-9FD8AE310DCE}.Release|Any CPU.ActiveCfg = Release|Any CPU
		{D9DA2B29-AF1C-4E49-8360-9FD8AE310DCE}.Release|Any CPU.Build.0 = Release|Any CPU
		{A62368FE-D999-40E0-B3FF-038F4AE2BFFC}.Debug|Any CPU.ActiveCfg = Debug|Any CPU
		{A62368FE-D999-40E0-B3FF-038F4AE2BFFC}.Debug|Any CPU.Build.0 = Debug|Any CPU
		{A62368FE-D999-40E0-B3FF-038F4AE2BFFC}.Release|Any CPU.ActiveCfg = Release|Any CPU
		{A62368FE-D999-40E0-B3FF-038F4AE2BFFC}.Release|Any CPU.Build.0 = Release|Any CPU
		{E2889918-AEAC-435F-949C-8D00213EC81C}.Debug|Any CPU.ActiveCfg = Debug|Any CPU
		{E2889918-AEAC-435F-949C-8D00213EC81C}.Debug|Any CPU.Build.0 = Debug|Any CPU
		{E2889918-AEAC-435F-949C-8D00213EC81C}.Release|Any CPU.ActiveCfg = Release|Any CPU
		{E2889918-AEAC-435F-949C-8D00213EC81C}.Release|Any CPU.Build.0 = Release|Any CPU
		{4DC83C58-AEAF-432E-96C2-EDDB31014BCE}.Debug|Any CPU.ActiveCfg = Debug|Any CPU
		{4DC83C58-AEAF-432E-96C2-EDDB31014BCE}.Debug|Any CPU.Build.0 = Debug|Any CPU
		{4DC83C58-AEAF-432E-96C2-EDDB31014BCE}.Release|Any CPU.ActiveCfg = Release|Any CPU
		{4DC83C58-AEAF-432E-96C2-EDDB31014BCE}.Release|Any CPU.Build.0 = Release|Any CPU
	EndGlobalSection
	GlobalSection(SolutionProperties) = preSolution
		HideSolutionNode = FALSE
	EndGlobalSection
	GlobalSection(NestedProjects) = preSolution
		{D9DA2B29-AF1C-4E49-8360-9FD8AE310DCE} = {88700704-FC8B-4EBF-9471-112ED22A5544}
		{A62368FE-D999-40E0-B3FF-038F4AE2BFFC} = {88700704-FC8B-4EBF-9471-112ED22A5544}
		{E2889918-AEAC-435F-949C-8D00213EC81C} = {88700704-FC8B-4EBF-9471-112ED22A5544}
		{4DC83C58-AEAF-432E-96C2-EDDB31014BCE} = {88700704-FC8B-4EBF-9471-112ED22A5544}
	EndGlobalSection
EndGlobal
